
Microsoft Visual Studio Solution File, Format Version 12.00
# Visual Studio Version 17
VisualStudioVersion = 17.10.34928.147
MinimumVisualStudioVersion = 10.0.40219.1
Project("{FAE04EC0-301F-11D3-BF4B-00C04F79EFBC}") = "Conexion con bd", "Conexion con bd\Conexion con bd.csproj", "{CD818F8F-938A-4F2D-A7E1-AD1C47519F00}"
EndProject
Global
	GlobalSection(SolutionConfigurationPlatforms) = preSolution
		Debug|Any CPU = Debug|Any CPU
		Release|Any CPU = Release|Any CPU
	EndGlobalSection
	GlobalSection(ProjectConfigurationPlatforms) = postSolution
		{CD818F8F-938A-4F2D-A7E1-AD1C47519F00}.Debug|Any CPU.ActiveCfg = Debug|Any CPU
		{CD818F8F-938A-4F2D-A7E1-AD1C47519F00}.Debug|Any CPU.Build.0 = Debug|Any CPU
		{CD818F8F-938A-4F2D-A7E1-AD1C47519F00}.Release|Any CPU.ActiveCfg = Release|Any CPU
		{CD818F8F-938A-4F2D-A7E1-AD1C47519F00}.Release|Any CPU.Build.0 = Release|Any CPU
	EndGlobalSection
	GlobalSection(SolutionProperties) = preSolution
		HideSolutionNode = FALSE
	EndGlobalSection
	GlobalSection(ExtensibilityGlobals) = postSolution
		SolutionGuid = {F7DB0DAB-A102-49E3-8752-87C96858AA9F}
	EndGlobalSection
EndGlobal
