
Microsoft Visual Studio Solution File, Format Version 12.00
# Visual Studio Version 17
VisualStudioVersion = 17.10.34928.147
MinimumVisualStudioVersion = 10.0.40219.1
Project("{FAE04EC0-301F-11D3-BF4B-00C04F79EFBC}") = "Rectangulo", "Rectangulo\Rectangulo.csproj", "{CBEA5D53-2E0F-47E8-BB36-E30B7E5EE5BA}"
EndProject
Global
	GlobalSection(SolutionConfigurationPlatforms) = preSolution
		Debug|Any CPU = Debug|Any CPU
		Release|Any CPU = Release|Any CPU
	EndGlobalSection
	GlobalSection(ProjectConfigurationPlatforms) = postSolution
		{CBEA5D53-2E0F-47E8-BB36-E30B7E5EE5BA}.Debug|Any CPU.ActiveCfg = Debug|Any CPU
		{CBEA5D53-2E0F-47E8-BB36-E30B7E5EE5BA}.Debug|Any CPU.Build.0 = Debug|Any CPU
		{CBEA5D53-2E0F-47E8-BB36-E30B7E5EE5BA}.Release|Any CPU.ActiveCfg = Release|Any CPU
		{CBEA5D53-2E0F-47E8-BB36-E30B7E5EE5BA}.Release|Any CPU.Build.0 = Release|Any CPU
	EndGlobalSection
	GlobalSection(SolutionProperties) = preSolution
		HideSolutionNode = FALSE
	EndGlobalSection
	GlobalSection(ExtensibilityGlobals) = postSolution
		SolutionGuid = {41B98C69-A389-4C27-96CF-520B654326D4}
	EndGlobalSection
EndGlobal
