
Microsoft Visual Studio Solution File, Format Version 12.00
# Visual Studio Version 17
VisualStudioVersion = 17.10.34928.147
MinimumVisualStudioVersion = 10.0.40219.1
Project("{FAE04EC0-301F-11D3-BF4B-00C04F79EFBC}") = "PrimerForm", "PrimerForm\PrimerForm.csproj", "{8CE48078-C919-44BB-8049-5E6746CC36B8}"
EndProject
Global
	GlobalSection(SolutionConfigurationPlatforms) = preSolution
		Debug|Any CPU = Debug|Any CPU
		Release|Any CPU = Release|Any CPU
	EndGlobalSection
	GlobalSection(ProjectConfigurationPlatforms) = postSolution
		{8CE48078-C919-44BB-8049-5E6746CC36B8}.Debug|Any CPU.ActiveCfg = Debug|Any CPU
		{8CE48078-C919-44BB-8049-5E6746CC36B8}.Debug|Any CPU.Build.0 = Debug|Any CPU
		{8CE48078-C919-44BB-8049-5E6746CC36B8}.Release|Any CPU.ActiveCfg = Release|Any CPU
		{8CE48078-C919-44BB-8049-5E6746CC36B8}.Release|Any CPU.Build.0 = Release|Any CPU
	EndGlobalSection
	GlobalSection(SolutionProperties) = preSolution
		HideSolutionNode = FALSE
	EndGlobalSection
	GlobalSection(ExtensibilityGlobals) = postSolution
		SolutionGuid = {85343F50-B1DB-46E4-9368-87403249F7B0}
	EndGlobalSection
EndGlobal
